
Microsoft Visual Studio Solution File, Format Version 12.00
# Visual Studio Version 17
VisualStudioVersion = 17.3.32901.215
MinimumVisualStudioVersion = 10.0.40219.1
Project("{2150E333-8FDC-42A3-9474-1A3956D46DE8}") = "src", "src", "{B77BC8C4-896B-40F6-A860-F6D4A3FC8D41}"
EndProject
Project("{2150E333-8FDC-42A3-9474-1A3956D46DE8}") = "Tests", "Tests", "{90804C87-BEB3-43F4-AB32-3A512C69FD78}"
EndProject
Project("{9A19103F-16F7-4668-BE54-9A1E7A4F7556}") = "PhlegmaticOne.MusifyDataApi.Core", "src\PhlegmaticOne.MusifyDataApi.Core\PhlegmaticOne.MusifyDataApi.Core.csproj", "{4F6C0E81-9ED6-40AD-9339-5B3630D5FACE}"
EndProject
Project("{9A19103F-16F7-4668-BE54-9A1E7A4F7556}") = "PhlegmaticOne.MusifyDataApi.Html.DataParsers.Abstractions", "src\PhlegmaticOne.MusifyDataApi.DataParsers.Abstractions\PhlegmaticOne.MusifyDataApi.Html.DataParsers.Abstractions.csproj", "{F1DAFFBD-71C9-4B89-BC95-E196D33ABD3D}"
EndProject
Project("{9A19103F-16F7-4668-BE54-9A1E7A4F7556}") = "PhlegmaticOne.MusifyDataApi.Html.DataParsers.Anglesharp", "src\PhlegmaticOne.MusifyDataApi.DataParsers.Anglesharp\PhlegmaticOne.MusifyDataApi.Html.DataParsers.Anglesharp.csproj", "{57071F1A-6AA3-42B6-8A8C-A0447459DB69}"
EndProject
Project("{9A19103F-16F7-4668-BE54-9A1E7A4F7556}") = "PhlegmaticOne.MusifyDataApi.Models", "src\PhlegmaticOne.MusifyDataApi.Models\PhlegmaticOne.MusifyDataApi.Models.csproj", "{5914AD16-D087-4EE3-BD2D-F58480109BDC}"
EndProject
Project("{9A19103F-16F7-4668-BE54-9A1E7A4F7556}") = "PhlegmaticOne.MusifyDataApi.Core.Tests", "Tests\PhlegmaticOne.MusifyDataApi.Core.Tests\PhlegmaticOne.MusifyDataApi.Core.Tests.csproj", "{7826D5A4-2140-47F4-A8F7-E20B6EC1CC50}"
EndProject
Project("{9A19103F-16F7-4668-BE54-9A1E7A4F7556}") = "PhlegmaticOne.MusifyDataApi.Html.DataParsers.Anglesharp.Tests", "Tests\PhlegmaticOne.MusifyDataApi.Html.DataParsers.Anglesharp.Tests\PhlegmaticOne.MusifyDataApi.Html.DataParsers.Anglesharp.Tests.csproj", "{9F50D2BC-08BF-440F-B59C-D0D1C5E24E15}"
EndProject
Project("{2150E333-8FDC-42A3-9474-1A3956D46DE8}") = "Sample", "Sample", "{1A151E49-DA38-4F69-B0D3-AA7672B422E1}"
EndProject
Project("{9A19103F-16F7-4668-BE54-9A1E7A4F7556}") = "PhlegmaticOne.MusifyDataApi.Sample", "Sample\PhlegmaticOne.MusifyDataApi.Sample\PhlegmaticOne.MusifyDataApi.Sample.csproj", "{B1E1F1AA-4F3F-4D28-9717-96DD536CE9F9}"
EndProject
Project("{9A19103F-16F7-4668-BE54-9A1E7A4F7556}") = "PhlegmaticOne.MusifyDataApi", "src\PhlegmaticOne.MusifyDataApi\PhlegmaticOne.MusifyDataApi.csproj", "{FF39840A-8A73-4958-942C-D141B8F1E27C}"
EndProject
Project("{9A19103F-16F7-4668-BE54-9A1E7A4F7556}") = "PhlegmaticOne.MusifyDataApi.Implementation.Parsers", "src\PhlegmaticOne.MusifyDataApi.Implementation.Parsers\PhlegmaticOne.MusifyDataApi.Implementation.Parsers.csproj", "{06918A46-6EAE-4630-9631-3FDED7F687D4}"
EndProject
Project("{9A19103F-16F7-4668-BE54-9A1E7A4F7556}") = "PhlegmaticOne.MusifyDataApi.Implementation.Parsers.Tests", "Tests\PhlegmaticOne.MusifyDataApi.Implementation.Parsers.Tests\PhlegmaticOne.MusifyDataApi.Implementation.Parsers.Tests.csproj", "{AA36A324-4616-43AE-8DB4-449697A4F1CC}"
EndProject
Project("{9A19103F-16F7-4668-BE54-9A1E7A4F7556}") = "PhlegmaticOne.MusifyDataApi.Infrastructure", "src\PhlegmaticOne.MusifyDataApi.Infrastructure\PhlegmaticOne.MusifyDataApi.Infrastructure.csproj", "{DCF87595-B2DC-47D9-841D-74C0D18EC198}"
EndProject
Project("{FAE04EC0-301F-11D3-BF4B-00C04F79EFBC}") = "PhlegmaticOne.MusifyDataApi.Benchmarks", "Tests\PhlegmaticOne.MusifyDataApi.Benchmarks\PhlegmaticOne.MusifyDataApi.Benchmarks.csproj", "{D3492DB1-E0DD-4157-9284-DE26365291E5}"
EndProject
Global
	GlobalSection(SolutionConfigurationPlatforms) = preSolution
		Debug|Any CPU = Debug|Any CPU
		Release|Any CPU = Release|Any CPU
	EndGlobalSection
	GlobalSection(ProjectConfigurationPlatforms) = postSolution
		{4F6C0E81-9ED6-40AD-9339-5B3630D5FACE}.Debug|Any CPU.ActiveCfg = Debug|Any CPU
		{4F6C0E81-9ED6-40AD-9339-5B3630D5FACE}.Debug|Any CPU.Build.0 = Debug|Any CPU
		{4F6C0E81-9ED6-40AD-9339-5B3630D5FACE}.Release|Any CPU.ActiveCfg = Release|Any CPU
		{4F6C0E81-9ED6-40AD-9339-5B3630D5FACE}.Release|Any CPU.Build.0 = Release|Any CPU
		{F1DAFFBD-71C9-4B89-BC95-E196D33ABD3D}.Debug|Any CPU.ActiveCfg = Debug|Any CPU
		{F1DAFFBD-71C9-4B89-BC95-E196D33ABD3D}.Debug|Any CPU.Build.0 = Debug|Any CPU
		{F1DAFFBD-71C9-4B89-BC95-E196D33ABD3D}.Release|Any CPU.ActiveCfg = Release|Any CPU
		{F1DAFFBD-71C9-4B89-BC95-E196D33ABD3D}.Release|Any CPU.Build.0 = Release|Any CPU
		{57071F1A-6AA3-42B6-8A8C-A0447459DB69}.Debug|Any CPU.ActiveCfg = Debug|Any CPU
		{57071F1A-6AA3-42B6-8A8C-A0447459DB69}.Debug|Any CPU.Build.0 = Debug|Any CPU
		{57071F1A-6AA3-42B6-8A8C-A0447459DB69}.Release|Any CPU.ActiveCfg = Release|Any CPU
		{57071F1A-6AA3-42B6-8A8C-A0447459DB69}.Release|Any CPU.Build.0 = Release|Any CPU
		{5914AD16-D087-4EE3-BD2D-F58480109BDC}.Debug|Any CPU.ActiveCfg = Debug|Any CPU
		{5914AD16-D087-4EE3-BD2D-F58480109BDC}.Debug|Any CPU.Build.0 = Debug|Any CPU
		{5914AD16-D087-4EE3-BD2D-F58480109BDC}.Release|Any CPU.ActiveCfg = Release|Any CPU
		{5914AD16-D087-4EE3-BD2D-F58480109BDC}.Release|Any CPU.Build.0 = Release|Any CPU
		{7826D5A4-2140-47F4-A8F7-E20B6EC1CC50}.Debug|Any CPU.ActiveCfg = Debug|Any CPU
		{7826D5A4-2140-47F4-A8F7-E20B6EC1CC50}.Debug|Any CPU.Build.0 = Debug|Any CPU
		{7826D5A4-2140-47F4-A8F7-E20B6EC1CC50}.Release|Any CPU.ActiveCfg = Release|Any CPU
		{7826D5A4-2140-47F4-A8F7-E20B6EC1CC50}.Release|Any CPU.Build.0 = Release|Any CPU
		{9F50D2BC-08BF-440F-B59C-D0D1C5E24E15}.Debug|Any CPU.ActiveCfg = Debug|Any CPU
		{9F50D2BC-08BF-440F-B59C-D0D1C5E24E15}.Debug|Any CPU.Build.0 = Debug|Any CPU
		{9F50D2BC-08BF-440F-B59C-D0D1C5E24E15}.Release|Any CPU.ActiveCfg = Release|Any CPU
		{9F50D2BC-08BF-440F-B59C-D0D1C5E24E15}.Release|Any CPU.Build.0 = Release|Any CPU
		{B1E1F1AA-4F3F-4D28-9717-96DD536CE9F9}.Debug|Any CPU.ActiveCfg = Debug|Any CPU
		{B1E1F1AA-4F3F-4D28-9717-96DD536CE9F9}.Debug|Any CPU.Build.0 = Debug|Any CPU
		{B1E1F1AA-4F3F-4D28-9717-96DD536CE9F9}.Release|Any CPU.ActiveCfg = Release|Any CPU
		{B1E1F1AA-4F3F-4D28-9717-96DD536CE9F9}.Release|Any CPU.Build.0 = Release|Any CPU
		{FF39840A-8A73-4958-942C-D141B8F1E27C}.Debug|Any CPU.ActiveCfg = Debug|Any CPU
		{FF39840A-8A73-4958-942C-D141B8F1E27C}.Debug|Any CPU.Build.0 = Debug|Any CPU
		{FF39840A-8A73-4958-942C-D141B8F1E27C}.Release|Any CPU.ActiveCfg = Release|Any CPU
		{FF39840A-8A73-4958-942C-D141B8F1E27C}.Release|Any CPU.Build.0 = Release|Any CPU
		{06918A46-6EAE-4630-9631-3FDED7F687D4}.Debug|Any CPU.ActiveCfg = Debug|Any CPU
		{06918A46-6EAE-4630-9631-3FDED7F687D4}.Debug|Any CPU.Build.0 = Debug|Any CPU
		{06918A46-6EAE-4630-9631-3FDED7F687D4}.Release|Any CPU.ActiveCfg = Release|Any CPU
		{06918A46-6EAE-4630-9631-3FDED7F687D4}.Release|Any CPU.Build.0 = Release|Any CPU
		{AA36A324-4616-43AE-8DB4-449697A4F1CC}.Debug|Any CPU.ActiveCfg = Debug|Any CPU
		{AA36A324-4616-43AE-8DB4-449697A4F1CC}.Debug|Any CPU.Build.0 = Debug|Any CPU
		{AA36A324-4616-43AE-8DB4-449697A4F1CC}.Release|Any CPU.ActiveCfg = Release|Any CPU
		{AA36A324-4616-43AE-8DB4-449697A4F1CC}.Release|Any CPU.Build.0 = Release|Any CPU
		{DCF87595-B2DC-47D9-841D-74C0D18EC198}.Debug|Any CPU.ActiveCfg = Debug|Any CPU
		{DCF87595-B2DC-47D9-841D-74C0D18EC198}.Debug|Any CPU.Build.0 = Debug|Any CPU
		{DCF87595-B2DC-47D9-841D-74C0D18EC198}.Release|Any CPU.ActiveCfg = Release|Any CPU
		{DCF87595-B2DC-47D9-841D-74C0D18EC198}.Release|Any CPU.Build.0 = Release|Any CPU
		{D3492DB1-E0DD-4157-9284-DE26365291E5}.Debug|Any CPU.ActiveCfg = Debug|Any CPU
		{D3492DB1-E0DD-4157-9284-DE26365291E5}.Debug|Any CPU.Build.0 = Debug|Any CPU
		{D3492DB1-E0DD-4157-9284-DE26365291E5}.Release|Any CPU.ActiveCfg = Release|Any CPU
		{D3492DB1-E0DD-4157-9284-DE26365291E5}.Release|Any CPU.Build.0 = Release|Any CPU
	EndGlobalSection
	GlobalSection(SolutionProperties) = preSolution
		HideSolutionNode = FALSE
	EndGlobalSection
	GlobalSection(NestedProjects) = preSolution
		{4F6C0E81-9ED6-40AD-9339-5B3630D5FACE} = {B77BC8C4-896B-40F6-A860-F6D4A3FC8D41}
		{F1DAFFBD-71C9-4B89-BC95-E196D33ABD3D} = {B77BC8C4-896B-40F6-A860-F6D4A3FC8D41}
		{57071F1A-6AA3-42B6-8A8C-A0447459DB69} = {B77BC8C4-896B-40F6-A860-F6D4A3FC8D41}
		{5914AD16-D087-4EE3-BD2D-F58480109BDC} = {B77BC8C4-896B-40F6-A860-F6D4A3FC8D41}
		{7826D5A4-2140-47F4-A8F7-E20B6EC1CC50} = {90804C87-BEB3-43F4-AB32-3A512C69FD78}
		{9F50D2BC-08BF-440F-B59C-D0D1C5E24E15} = {90804C87-BEB3-43F4-AB32-3A512C69FD78}
		{B1E1F1AA-4F3F-4D28-9717-96DD536CE9F9} = {1A151E49-DA38-4F69-B0D3-AA7672B422E1}
		{FF39840A-8A73-4958-942C-D141B8F1E27C} = {B77BC8C4-896B-40F6-A860-F6D4A3FC8D41}
		{06918A46-6EAE-4630-9631-3FDED7F687D4} = {B77BC8C4-896B-40F6-A860-F6D4A3FC8D41}
		{AA36A324-4616-43AE-8DB4-449697A4F1CC} = {90804C87-BEB3-43F4-AB32-3A512C69FD78}
		{DCF87595-B2DC-47D9-841D-74C0D18EC198} = {B77BC8C4-896B-40F6-A860-F6D4A3FC8D41}
		{D3492DB1-E0DD-4157-9284-DE26365291E5} = {90804C87-BEB3-43F4-AB32-3A512C69FD78}
	EndGlobalSection
	GlobalSection(ExtensibilityGlobals) = postSolution
		SolutionGuid = {82A85886-8500-4B7F-89BF-30F2E7363876}
	EndGlobalSection
EndGlobal
